
Microsoft Visual Studio Solution File, Format Version 12.00
# Visual Studio 15
VisualStudioVersion = 15.0.26430.6
MinimumVisualStudioVersion = 10.0.40219.1
Project("{FAE04EC0-301F-11D3-BF4B-00C04F79EFBC}") = "TwitStreamer", "TwitStreamer\TwitStreamer.csproj", "{290132EF-E0A2-4640-8C99-6E1A2F72B746}"
EndProject
Project("{9A19103F-16F7-4668-BE54-9A1E7A4F7556}") = "TwitApi", "TwitApi\TwitApi.csproj", "{19945BE3-D79B-4108-B802-BA4237FE1183}"
EndProject
Project("{FAE04EC0-301F-11D3-BF4B-00C04F79EFBC}") = "ConsoleTests", "ConsoleTests\ConsoleTests.csproj", "{45F0247B-97C8-40D5-B818-151D49CB3639}"
EndProject
Global
	GlobalSection(SolutionConfigurationPlatforms) = preSolution
		Debug|Any CPU = Debug|Any CPU
		Release|Any CPU = Release|Any CPU
	EndGlobalSection
	GlobalSection(ProjectConfigurationPlatforms) = postSolution
		{290132EF-E0A2-4640-8C99-6E1A2F72B746}.Debug|Any CPU.ActiveCfg = Debug|Any CPU
		{290132EF-E0A2-4640-8C99-6E1A2F72B746}.Debug|Any CPU.Build.0 = Debug|Any CPU
		{290132EF-E0A2-4640-8C99-6E1A2F72B746}.Debug|Any CPU.Deploy.0 = Debug|Any CPU
		{290132EF-E0A2-4640-8C99-6E1A2F72B746}.Release|Any CPU.ActiveCfg = Release|Any CPU
		{290132EF-E0A2-4640-8C99-6E1A2F72B746}.Release|Any CPU.Build.0 = Release|Any CPU
		{290132EF-E0A2-4640-8C99-6E1A2F72B746}.Release|Any CPU.Deploy.0 = Release|Any CPU
		{19945BE3-D79B-4108-B802-BA4237FE1183}.Debug|Any CPU.ActiveCfg = Debug|Any CPU
		{19945BE3-D79B-4108-B802-BA4237FE1183}.Debug|Any CPU.Build.0 = Debug|Any CPU
		{19945BE3-D79B-4108-B802-BA4237FE1183}.Release|Any CPU.ActiveCfg = Release|Any CPU
		{19945BE3-D79B-4108-B802-BA4237FE1183}.Release|Any CPU.Build.0 = Release|Any CPU
		{45F0247B-97C8-40D5-B818-151D49CB3639}.Debug|Any CPU.ActiveCfg = Debug|Any CPU
		{45F0247B-97C8-40D5-B818-151D49CB3639}.Debug|Any CPU.Build.0 = Debug|Any CPU
		{45F0247B-97C8-40D5-B818-151D49CB3639}.Release|Any CPU.ActiveCfg = Release|Any CPU
		{45F0247B-97C8-40D5-B818-151D49CB3639}.Release|Any CPU.Build.0 = Release|Any CPU
	EndGlobalSection
	GlobalSection(SolutionProperties) = preSolution
		HideSolutionNode = FALSE
	EndGlobalSection
EndGlobal
